Microsoft Visual Studio Solution File, Format Version 12.00
# Visual Studio 2012
Project("{FAE04EC0-301F-11D3-BF4B-00C04F79EFBC}") = "C#NoteDetector", "C#NoteDetector.csproj", "{73BF67E3-133F-46B8-A602-356A1653B655}"
EndProject
Global
	GlobalSection(SolutionConfigurationPlatforms) = preSolution
	Debug|Any CPU = Debug|Any CPU
	ExportDebug|Any CPU = ExportDebug|Any CPU
	ExportRelease|Any CPU = ExportRelease|Any CPU
	EndGlobalSection
	GlobalSection(ProjectConfigurationPlatforms) = postSolution
		{73BF67E3-133F-46B8-A602-356A1653B655}.Debug|Any CPU.ActiveCfg = Debug|Any CPU
		{73BF67E3-133F-46B8-A602-356A1653B655}.Debug|Any CPU.Build.0 = Debug|Any CPU
		{73BF67E3-133F-46B8-A602-356A1653B655}.ExportDebug|Any CPU.ActiveCfg = ExportDebug|Any CPU
		{73BF67E3-133F-46B8-A602-356A1653B655}.ExportDebug|Any CPU.Build.0 = ExportDebug|Any CPU
		{73BF67E3-133F-46B8-A602-356A1653B655}.ExportRelease|Any CPU.ActiveCfg = ExportRelease|Any CPU
		{73BF67E3-133F-46B8-A602-356A1653B655}.ExportRelease|Any CPU.Build.0 = ExportRelease|Any CPU
	EndGlobalSection
EndGlobal
